{
  "name": "serverless-api",
  "version": "1.0.0",
  "lockfileVersion": 1,
  "requires": true,
  "dependencies": {
    "@now/node": {
      "version": "1.5.0",
      "resolved": "https://registry.npmjs.org/@now/node/-/node-1.5.0.tgz",
      "integrity": "sha512-0MChNIBHsViTMPDsifTveWmMpUSUbVQYAHg9Qa8p7uF7pkfBAghyCGHSKHJVg3zxx0vVE4z+rYgaRS6xvF8qMA==",
      "requires": {
        "@types/node": "*"
      }
    },
    "@types/node": {
      "version": "13.11.0",
      "resolved": "https://registry.npmjs.org/@types/node/-/node-13.11.0.tgz",
      "integrity": "sha512-uM4mnmsIIPK/yeO+42F2RQhGUIs39K2RFmugcJANppXe6J1nvH87PvzPZYpza7Xhhs8Yn9yIAVdLZ84z61+0xQ=="
    },
    "now": {
      "version": "17.1.1",
      "resolved": "https://registry.npmjs.org/now/-/now-17.1.1.tgz",
      "integrity": "sha512-Hmh8eMSt4FxS1YBwaLrdJuzEVm6ZtS4JCY0AZE+JTnTtDGHVaQMUI85FaPvasSIhKLa+7xf6v7lmTgM39VW/8w=="
    }
  }
}
